
Microsoft Visual Studio Solution File, Format Version 12.00
# Visual Studio Version 16
VisualStudioVersion = 16.0.31105.61
MinimumVisualStudioVersion = 10.0.40219.1
Project("{FAE04EC0-301F-11D3-BF4B-00C04F79EFBC}") = "KursovaMT46365z", "KursovaMT46365z\KursovaMT46365z.csproj", "{47A7E202-4EA5-4715-B0A1-A3B0E91588FE}"
EndProject
Global
	GlobalSection(SolutionConfigurationPlatforms) = preSolution
		Debug|Any CPU = Debug|Any CPU
		Release|Any CPU = Release|Any CPU
	EndGlobalSection
	GlobalSection(ProjectConfigurationPlatforms) = postSolution
		{47A7E202-4EA5-4715-B0A1-A3B0E91588FE}.Debug|Any CPU.ActiveCfg = Debug|Any CPU
		{47A7E202-4EA5-4715-B0A1-A3B0E91588FE}.Debug|Any CPU.Build.0 = Debug|Any CPU
		{47A7E202-4EA5-4715-B0A1-A3B0E91588FE}.Release|Any CPU.ActiveCfg = Release|Any CPU
		{47A7E202-4EA5-4715-B0A1-A3B0E91588FE}.Release|Any CPU.Build.0 = Release|Any CPU
	EndGlobalSection
	GlobalSection(SolutionProperties) = preSolution
		HideSolutionNode = FALSE
	EndGlobalSection
	GlobalSection(ExtensibilityGlobals) = postSolution
		SolutionGuid = {C8602A36-89F0-4EB7-904F-056637457EAD}
	EndGlobalSection
EndGlobal
